
Microsoft Visual Studio Solution File, Format Version 12.00
# Visual Studio Version 16
VisualStudioVersion = 16.0.31019.35
MinimumVisualStudioVersion = 10.0.40219.1
Project("{FAE04EC0-301F-11D3-BF4B-00C04F79EFBC}") = "MiddleWare.Api", "MiddleWare.Api.csproj", "{37DA7454-AFFB-4E26-B7A5-1EF6166DF00A}"
EndProject
Global
	GlobalSection(SolutionConfigurationPlatforms) = preSolution
		Debug|Any CPU = Debug|Any CPU
		Release|Any CPU = Release|Any CPU
	EndGlobalSection
	GlobalSection(ProjectConfigurationPlatforms) = postSolution
		{37DA7454-AFFB-4E26-B7A5-1EF6166DF00A}.Debug|Any CPU.ActiveCfg = Debug|Any CPU
		{37DA7454-AFFB-4E26-B7A5-1EF6166DF00A}.Debug|Any CPU.Build.0 = Debug|Any CPU
		{37DA7454-AFFB-4E26-B7A5-1EF6166DF00A}.Release|Any CPU.ActiveCfg = Release|Any CPU
		{37DA7454-AFFB-4E26-B7A5-1EF6166DF00A}.Release|Any CPU.Build.0 = Release|Any CPU
	EndGlobalSection
	GlobalSection(SolutionProperties) = preSolution
		HideSolutionNode = FALSE
	EndGlobalSection
	GlobalSection(ExtensibilityGlobals) = postSolution
		SolutionGuid = {20FBA905-73F7-4F1B-8BBF-B049B0D25A38}
	EndGlobalSection
EndGlobal
